
Microsoft Visual Studio Solution File, Format Version 12.00
# Visual Studio 15
VisualStudioVersion = 15.0.28307.1022
MinimumVisualStudioVersion = 10.0.40219.1
Project("{FAE04EC0-301F-11D3-BF4B-00C04F79EFBC}") = "WpfApp7", "WpfApp7\WpfApp7.csproj", "{AC1D285C-B25C-41E8-A400-8EDBD699972E}"
EndProject
Global
	GlobalSection(SolutionConfigurationPlatforms) = preSolution
		Debug|Any CPU = Debug|Any CPU
		Release|Any CPU = Release|Any CPU
	EndGlobalSection
	GlobalSection(ProjectConfigurationPlatforms) = postSolution
		{AC1D285C-B25C-41E8-A400-8EDBD699972E}.Debug|Any CPU.ActiveCfg = Debug|Any CPU
		{AC1D285C-B25C-41E8-A400-8EDBD699972E}.Debug|Any CPU.Build.0 = Debug|Any CPU
		{AC1D285C-B25C-41E8-A400-8EDBD699972E}.Release|Any CPU.ActiveCfg = Release|Any CPU
		{AC1D285C-B25C-41E8-A400-8EDBD699972E}.Release|Any CPU.Build.0 = Release|Any CPU
	EndGlobalSection
	GlobalSection(SolutionProperties) = preSolution
		HideSolutionNode = FALSE
	EndGlobalSection
	GlobalSection(ExtensibilityGlobals) = postSolution
		SolutionGuid = {C67709C8-64AE-4FF2-8438-5F76E012B8CD}
	EndGlobalSection
EndGlobal
